
Microsoft Visual Studio Solution File, Format Version 12.00
# Visual Studio Version 16
VisualStudioVersion = 16.0.31727.386
MinimumVisualStudioVersion = 10.0.40219.1
Project("{FAE04EC0-301F-11D3-BF4B-00C04F79EFBC}") = "TinderClone.Android", "TinderClone\TinderClone.Android\TinderClone.Android.csproj", "{508895F6-A7F9-4891-85CE-8AD27C4899D0}"
EndProject
Project("{FAE04EC0-301F-11D3-BF4B-00C04F79EFBC}") = "TinderClone.iOS", "TinderClone\TinderClone.iOS\TinderClone.iOS.csproj", "{90824D1C-702D-463E-998A-0FB3FD749AF6}"
EndProject
Project("{FAE04EC0-301F-11D3-BF4B-00C04F79EFBC}") = "TinderClone", "TinderClone\TinderClone\TinderClone.csproj", "{CB43864E-FC26-46D2-A67A-F423DB643273}"
EndProject
Global
	GlobalSection(SolutionConfigurationPlatforms) = preSolution
		Debug|Any CPU = Debug|Any CPU
		Debug|iPhone = Debug|iPhone
		Debug|iPhoneSimulator = Debug|iPhoneSimulator
		Release|Any CPU = Release|Any CPU
		Release|iPhone = Release|iPhone
		Release|iPhoneSimulator = Release|iPhoneSimulator
	EndGlobalSection
	GlobalSection(ProjectConfigurationPlatforms) = postSolution
		{508895F6-A7F9-4891-85CE-8AD27C4899D0}.Debug|Any CPU.ActiveCfg = Debug|Any CPU
		{508895F6-A7F9-4891-85CE-8AD27C4899D0}.Debug|Any CPU.Build.0 = Debug|Any CPU
		{508895F6-A7F9-4891-85CE-8AD27C4899D0}.Debug|Any CPU.Deploy.0 = Debug|Any CPU
		{508895F6-A7F9-4891-85CE-8AD27C4899D0}.Debug|iPhone.ActiveCfg = Debug|Any CPU
		{508895F6-A7F9-4891-85CE-8AD27C4899D0}.Debug|iPhone.Build.0 = Debug|Any CPU
		{508895F6-A7F9-4891-85CE-8AD27C4899D0}.Debug|iPhone.Deploy.0 = Debug|Any CPU
		{508895F6-A7F9-4891-85CE-8AD27C4899D0}.Debug|iPhoneSimulator.ActiveCfg = Debug|Any CPU
		{508895F6-A7F9-4891-85CE-8AD27C4899D0}.Debug|iPhoneSimulator.Build.0 = Debug|Any CPU
		{508895F6-A7F9-4891-85CE-8AD27C4899D0}.Debug|iPhoneSimulator.Deploy.0 = Debug|Any CPU
		{508895F6-A7F9-4891-85CE-8AD27C4899D0}.Release|Any CPU.ActiveCfg = Release|Any CPU
		{508895F6-A7F9-4891-85CE-8AD27C4899D0}.Release|Any CPU.Build.0 = Release|Any CPU
		{508895F6-A7F9-4891-85CE-8AD27C4899D0}.Release|Any CPU.Deploy.0 = Release|Any CPU
		{508895F6-A7F9-4891-85CE-8AD27C4899D0}.Release|iPhone.ActiveCfg = Release|Any CPU
		{508895F6-A7F9-4891-85CE-8AD27C4899D0}.Release|iPhone.Build.0 = Release|Any CPU
		{508895F6-A7F9-4891-85CE-8AD27C4899D0}.Release|iPhone.Deploy.0 = Release|Any CPU
		{508895F6-A7F9-4891-85CE-8AD27C4899D0}.Release|iPhoneSimulator.ActiveCfg = Release|Any CPU
		{508895F6-A7F9-4891-85CE-8AD27C4899D0}.Release|iPhoneSimulator.Build.0 = Release|Any CPU
		{508895F6-A7F9-4891-85CE-8AD27C4899D0}.Release|iPhoneSimulator.Deploy.0 = Release|Any CPU
		{90824D1C-702D-463E-998A-0FB3FD749AF6}.Debug|Any CPU.ActiveCfg = Debug|iPhone
		{90824D1C-702D-463E-998A-0FB3FD749AF6}.Debug|Any CPU.Build.0 = Debug|iPhone
		{90824D1C-702D-463E-998A-0FB3FD749AF6}.Debug|Any CPU.Deploy.0 = Debug|iPhone
		{90824D1C-702D-463E-998A-0FB3FD749AF6}.Debug|iPhone.ActiveCfg = Debug|iPhone
		{90824D1C-702D-463E-998A-0FB3FD749AF6}.Debug|iPhone.Build.0 = Debug|iPhone
		{90824D1C-702D-463E-998A-0FB3FD749AF6}.Debug|iPhone.Deploy.0 = Debug|iPhone
		{90824D1C-702D-463E-998A-0FB3FD749AF6}.Debug|iPhoneSimulator.ActiveCfg = Debug|iPhoneSimulator
		{90824D1C-702D-463E-998A-0FB3FD749AF6}.Debug|iPhoneSimulator.Build.0 = Debug|iPhoneSimulator
		{90824D1C-702D-463E-998A-0FB3FD749AF6}.Debug|iPhoneSimulator.Deploy.0 = Debug|iPhoneSimulator
		{90824D1C-702D-463E-998A-0FB3FD749AF6}.Release|Any CPU.ActiveCfg = Release|iPhoneSimulator
		{90824D1C-702D-463E-998A-0FB3FD749AF6}.Release|Any CPU.Build.0 = Release|iPhoneSimulator
		{90824D1C-702D-463E-998A-0FB3FD749AF6}.Release|Any CPU.Deploy.0 = Release|iPhoneSimulator
		{90824D1C-702D-463E-998A-0FB3FD749AF6}.Release|iPhone.ActiveCfg = Release|iPhone
		{90824D1C-702D-463E-998A-0FB3FD749AF6}.Release|iPhone.Build.0 = Release|iPhone
		{90824D1C-702D-463E-998A-0FB3FD749AF6}.Release|iPhone.Deploy.0 = Release|iPhone
		{90824D1C-702D-463E-998A-0FB3FD749AF6}.Release|iPhoneSimulator.ActiveCfg = Release|iPhoneSimulator
		{90824D1C-702D-463E-998A-0FB3FD749AF6}.Release|iPhoneSimulator.Build.0 = Release|iPhoneSimulator
		{90824D1C-702D-463E-998A-0FB3FD749AF6}.Release|iPhoneSimulator.Deploy.0 = Release|iPhoneSimulator
		{CB43864E-FC26-46D2-A67A-F423DB643273}.Debug|Any CPU.ActiveCfg = Debug|Any CPU
		{CB43864E-FC26-46D2-A67A-F423DB643273}.Debug|Any CPU.Build.0 = Debug|Any CPU
		{CB43864E-FC26-46D2-A67A-F423DB643273}.Debug|Any CPU.Deploy.0 = Debug|Any CPU
		{CB43864E-FC26-46D2-A67A-F423DB643273}.Debug|iPhone.ActiveCfg = Debug|Any CPU
		{CB43864E-FC26-46D2-A67A-F423DB643273}.Debug|iPhone.Build.0 = Debug|Any CPU
		{CB43864E-FC26-46D2-A67A-F423DB643273}.Debug|iPhone.Deploy.0 = Debug|Any CPU
		{CB43864E-FC26-46D2-A67A-F423DB643273}.Debug|iPhoneSimulator.ActiveCfg = Debug|Any CPU
		{CB43864E-FC26-46D2-A67A-F423DB643273}.Debug|iPhoneSimulator.Build.0 = Debug|Any CPU
		{CB43864E-FC26-46D2-A67A-F423DB643273}.Debug|iPhoneSimulator.Deploy.0 = Debug|Any CPU
		{CB43864E-FC26-46D2-A67A-F423DB643273}.Release|Any CPU.ActiveCfg = Release|Any CPU
		{CB43864E-FC26-46D2-A67A-F423DB643273}.Release|Any CPU.Build.0 = Release|Any CPU
		{CB43864E-FC26-46D2-A67A-F423DB643273}.Release|Any CPU.Deploy.0 = Release|Any CPU
		{CB43864E-FC26-46D2-A67A-F423DB643273}.Release|iPhone.ActiveCfg = Release|Any CPU
		{CB43864E-FC26-46D2-A67A-F423DB643273}.Release|iPhone.Build.0 = Release|Any CPU
		{CB43864E-FC26-46D2-A67A-F423DB643273}.Release|iPhone.Deploy.0 = Release|Any CPU
		{CB43864E-FC26-46D2-A67A-F423DB643273}.Release|iPhoneSimulator.ActiveCfg = Release|Any CPU
		{CB43864E-FC26-46D2-A67A-F423DB643273}.Release|iPhoneSimulator.Build.0 = Release|Any CPU
		{CB43864E-FC26-46D2-A67A-F423DB643273}.Release|iPhoneSimulator.Deploy.0 = Release|Any CPU
	EndGlobalSection
	GlobalSection(SolutionProperties) = preSolution
		HideSolutionNode = FALSE
	EndGlobalSection
	GlobalSection(ExtensibilityGlobals) = postSolution
		SolutionGuid = {BBEB451B-3E11-49C9-8BEE-D275AE7017C3}
	EndGlobalSection
EndGlobal
